
Microsoft Visual Studio Solution File, Format Version 12.00
# Visual Studio Version 16
VisualStudioVersion = 16.0.30114.105
MinimumVisualStudioVersion = 10.0.40219.1
Project("{FAE04EC0-301F-11D3-BF4B-00C04F79EFBC}") = "application", "Api.Application\application.csproj", "{5C770888-C435-4C7D-9C5E-987890FC8703}"
EndProject
Project("{FAE04EC0-301F-11D3-BF4B-00C04F79EFBC}") = "Domain", "Api.Domain\Domain.csproj", "{837B0246-9080-4F76-9CAE-B0D2D63C63B1}"
EndProject
Project("{FAE04EC0-301F-11D3-BF4B-00C04F79EFBC}") = "Data", "Api.Data\Data.csproj", "{C47145A6-D063-4F0F-AF0B-9314974D4A9D}"
EndProject
Project("{FAE04EC0-301F-11D3-BF4B-00C04F79EFBC}") = "Service", "Api.Service\Service.csproj", "{F71B28CA-E910-43AA-B9FC-24543A9C99AE}"
EndProject
Global
	GlobalSection(SolutionConfigurationPlatforms) = preSolution
		Debug|Any CPU = Debug|Any CPU
		Debug|x64 = Debug|x64
		Debug|x86 = Debug|x86
		Release|Any CPU = Release|Any CPU
		Release|x64 = Release|x64
		Release|x86 = Release|x86
	EndGlobalSection
	GlobalSection(SolutionProperties) = preSolution
		HideSolutionNode = FALSE
	EndGlobalSection
	GlobalSection(ProjectConfigurationPlatforms) = postSolution
		{5C770888-C435-4C7D-9C5E-987890FC8703}.Debug|Any CPU.ActiveCfg = Debug|Any CPU
		{5C770888-C435-4C7D-9C5E-987890FC8703}.Debug|Any CPU.Build.0 = Debug|Any CPU
		{5C770888-C435-4C7D-9C5E-987890FC8703}.Debug|x64.ActiveCfg = Debug|Any CPU
		{5C770888-C435-4C7D-9C5E-987890FC8703}.Debug|x64.Build.0 = Debug|Any CPU
		{5C770888-C435-4C7D-9C5E-987890FC8703}.Debug|x86.ActiveCfg = Debug|Any CPU
		{5C770888-C435-4C7D-9C5E-987890FC8703}.Debug|x86.Build.0 = Debug|Any CPU
		{5C770888-C435-4C7D-9C5E-987890FC8703}.Release|Any CPU.ActiveCfg = Release|Any CPU
		{5C770888-C435-4C7D-9C5E-987890FC8703}.Release|Any CPU.Build.0 = Release|Any CPU
		{5C770888-C435-4C7D-9C5E-987890FC8703}.Release|x64.ActiveCfg = Release|Any CPU
		{5C770888-C435-4C7D-9C5E-987890FC8703}.Release|x64.Build.0 = Release|Any CPU
		{5C770888-C435-4C7D-9C5E-987890FC8703}.Release|x86.ActiveCfg = Release|Any CPU
		{5C770888-C435-4C7D-9C5E-987890FC8703}.Release|x86.Build.0 = Release|Any CPU
		{837B0246-9080-4F76-9CAE-B0D2D63C63B1}.Debug|Any CPU.ActiveCfg = Debug|Any CPU
		{837B0246-9080-4F76-9CAE-B0D2D63C63B1}.Debug|Any CPU.Build.0 = Debug|Any CPU
		{837B0246-9080-4F76-9CAE-B0D2D63C63B1}.Debug|x64.ActiveCfg = Debug|Any CPU
		{837B0246-9080-4F76-9CAE-B0D2D63C63B1}.Debug|x64.Build.0 = Debug|Any CPU
		{837B0246-9080-4F76-9CAE-B0D2D63C63B1}.Debug|x86.ActiveCfg = Debug|Any CPU
		{837B0246-9080-4F76-9CAE-B0D2D63C63B1}.Debug|x86.Build.0 = Debug|Any CPU
		{837B0246-9080-4F76-9CAE-B0D2D63C63B1}.Release|Any CPU.ActiveCfg = Release|Any CPU
		{837B0246-9080-4F76-9CAE-B0D2D63C63B1}.Release|Any CPU.Build.0 = Release|Any CPU
		{837B0246-9080-4F76-9CAE-B0D2D63C63B1}.Release|x64.ActiveCfg = Release|Any CPU
		{837B0246-9080-4F76-9CAE-B0D2D63C63B1}.Release|x64.Build.0 = Release|Any CPU
		{837B0246-9080-4F76-9CAE-B0D2D63C63B1}.Release|x86.ActiveCfg = Release|Any CPU
		{837B0246-9080-4F76-9CAE-B0D2D63C63B1}.Release|x86.Build.0 = Release|Any CPU
		{DF5DEB80-5215-4954-83D4-916B9BFE417F}.Debug|Any CPU.ActiveCfg = Debug|Any CPU
		{DF5DEB80-5215-4954-83D4-916B9BFE417F}.Debug|Any CPU.Build.0 = Debug|Any CPU
		{DF5DEB80-5215-4954-83D4-916B9BFE417F}.Debug|x64.ActiveCfg = Debug|Any CPU
		{DF5DEB80-5215-4954-83D4-916B9BFE417F}.Debug|x64.Build.0 = Debug|Any CPU
		{DF5DEB80-5215-4954-83D4-916B9BFE417F}.Debug|x86.ActiveCfg = Debug|Any CPU
		{DF5DEB80-5215-4954-83D4-916B9BFE417F}.Debug|x86.Build.0 = Debug|Any CPU
		{DF5DEB80-5215-4954-83D4-916B9BFE417F}.Release|Any CPU.ActiveCfg = Release|Any CPU
		{DF5DEB80-5215-4954-83D4-916B9BFE417F}.Release|Any CPU.Build.0 = Release|Any CPU
		{DF5DEB80-5215-4954-83D4-916B9BFE417F}.Release|x64.ActiveCfg = Release|Any CPU
		{DF5DEB80-5215-4954-83D4-916B9BFE417F}.Release|x64.Build.0 = Release|Any CPU
		{DF5DEB80-5215-4954-83D4-916B9BFE417F}.Release|x86.ActiveCfg = Release|Any CPU
		{DF5DEB80-5215-4954-83D4-916B9BFE417F}.Release|x86.Build.0 = Release|Any CPU
		{C47145A6-D063-4F0F-AF0B-9314974D4A9D}.Debug|Any CPU.ActiveCfg = Debug|Any CPU
		{C47145A6-D063-4F0F-AF0B-9314974D4A9D}.Debug|Any CPU.Build.0 = Debug|Any CPU
		{C47145A6-D063-4F0F-AF0B-9314974D4A9D}.Debug|x64.ActiveCfg = Debug|Any CPU
		{C47145A6-D063-4F0F-AF0B-9314974D4A9D}.Debug|x64.Build.0 = Debug|Any CPU
		{C47145A6-D063-4F0F-AF0B-9314974D4A9D}.Debug|x86.ActiveCfg = Debug|Any CPU
		{C47145A6-D063-4F0F-AF0B-9314974D4A9D}.Debug|x86.Build.0 = Debug|Any CPU
		{C47145A6-D063-4F0F-AF0B-9314974D4A9D}.Release|Any CPU.ActiveCfg = Release|Any CPU
		{C47145A6-D063-4F0F-AF0B-9314974D4A9D}.Release|Any CPU.Build.0 = Release|Any CPU
		{C47145A6-D063-4F0F-AF0B-9314974D4A9D}.Release|x64.ActiveCfg = Release|Any CPU
		{C47145A6-D063-4F0F-AF0B-9314974D4A9D}.Release|x64.Build.0 = Release|Any CPU
		{C47145A6-D063-4F0F-AF0B-9314974D4A9D}.Release|x86.ActiveCfg = Release|Any CPU
		{C47145A6-D063-4F0F-AF0B-9314974D4A9D}.Release|x86.Build.0 = Release|Any CPU
		{F71B28CA-E910-43AA-B9FC-24543A9C99AE}.Debug|Any CPU.ActiveCfg = Debug|Any CPU
		{F71B28CA-E910-43AA-B9FC-24543A9C99AE}.Debug|Any CPU.Build.0 = Debug|Any CPU
		{F71B28CA-E910-43AA-B9FC-24543A9C99AE}.Debug|x64.ActiveCfg = Debug|Any CPU
		{F71B28CA-E910-43AA-B9FC-24543A9C99AE}.Debug|x64.Build.0 = Debug|Any CPU
		{F71B28CA-E910-43AA-B9FC-24543A9C99AE}.Debug|x86.ActiveCfg = Debug|Any CPU
		{F71B28CA-E910-43AA-B9FC-24543A9C99AE}.Debug|x86.Build.0 = Debug|Any CPU
		{F71B28CA-E910-43AA-B9FC-24543A9C99AE}.Release|Any CPU.ActiveCfg = Release|Any CPU
		{F71B28CA-E910-43AA-B9FC-24543A9C99AE}.Release|Any CPU.Build.0 = Release|Any CPU
		{F71B28CA-E910-43AA-B9FC-24543A9C99AE}.Release|x64.ActiveCfg = Release|Any CPU
		{F71B28CA-E910-43AA-B9FC-24543A9C99AE}.Release|x64.Build.0 = Release|Any CPU
		{F71B28CA-E910-43AA-B9FC-24543A9C99AE}.Release|x86.ActiveCfg = Release|Any CPU
		{F71B28CA-E910-43AA-B9FC-24543A9C99AE}.Release|x86.Build.0 = Release|Any CPU
	EndGlobalSection
EndGlobal
